
Microsoft Visual Studio Solution File, Format Version 12.00
# Visual Studio Version 17
VisualStudioVersion = 17.0.31903.59
MinimumVisualStudioVersion = 10.0.40219.1
Project("{2150E333-8FDC-42A3-9474-1A3956D46DE8}") = "src", "src", "{827E0CD3-B72D-47B6-A68D-7590B98EB39B}"
EndProject
Project("{FAE04EC0-301F-11D3-BF4B-00C04F79EFBC}") = "AgentKernel.Abstractions", "src\AgentKernel.Abstractions\AgentKernel.Abstractions.csproj", "{EA61F91B-A19E-4B83-8080-2A454792A2A3}"
EndProject
Project("{FAE04EC0-301F-11D3-BF4B-00C04F79EFBC}") = "AgentKernel.Core", "src\AgentKernel.Core\AgentKernel.Core.csproj", "{7F702FF5-7216-414D-BAFD-FD27A52F9F7D}"
EndProject
Project("{FAE04EC0-301F-11D3-BF4B-00C04F79EFBC}") = "AgentKernel.Extensions.Photo", "src\AgentKernel.Extensions.Photo\AgentKernel.Extensions.Photo.csproj", "{6AB0C60F-E24F-433B-925F-CD306B706992}"
EndProject
Project("{FAE04EC0-301F-11D3-BF4B-00C04F79EFBC}") = "AgentKernel.Host.Wpf", "src\AgentKernel.Host.Wpf\AgentKernel.Host.Wpf.csproj", "{CA41EE86-511F-4082-993C-748EBCBD08BE}"
EndProject
Project("{FAE04EC0-301F-11D3-BF4B-00C04F79EFBC}") = "AgentKernel.Extensions.Shell", "src\AgentKernel.Extensions.Shell\AgentKernel.Extensions.Shell.csproj", "{1BE86B3C-75F4-44F2-AF8A-D4CD287C401C}"
EndProject
Project("{FAE04EC0-301F-11D3-BF4B-00C04F79EFBC}") = "AgentKernel.Extensions.Chat", "src\AgentKernel.Extensions.Chat\AgentKernel.Extensions.Chat.csproj", "{B7DBEF4E-37B1-4EB4-B6BF-65AF2ACEB50C}"
EndProject
Project("{FAE04EC0-301F-11D3-BF4B-00C04F79EFBC}") = "AgentKernel.Providers.Zhipu", "src\AgentKernel.Providers.Zhipu\AgentKernel.Providers.Zhipu.csproj", "{36EA468C-FC62-4374-A248-D05603CF3D52}"
EndProject
Global
	GlobalSection(SolutionConfigurationPlatforms) = preSolution
		Debug|Any CPU = Debug|Any CPU
		Debug|x64 = Debug|x64
		Debug|x86 = Debug|x86
		Release|Any CPU = Release|Any CPU
		Release|x64 = Release|x64
		Release|x86 = Release|x86
	EndGlobalSection
	GlobalSection(ProjectConfigurationPlatforms) = postSolution
		{EA61F91B-A19E-4B83-8080-2A454792A2A3}.Debug|Any CPU.ActiveCfg = Debug|Any CPU
		{EA61F91B-A19E-4B83-8080-2A454792A2A3}.Debug|Any CPU.Build.0 = Debug|Any CPU
		{EA61F91B-A19E-4B83-8080-2A454792A2A3}.Debug|x64.ActiveCfg = Debug|Any CPU
		{EA61F91B-A19E-4B83-8080-2A454792A2A3}.Debug|x64.Build.0 = Debug|Any CPU
		{EA61F91B-A19E-4B83-8080-2A454792A2A3}.Debug|x86.ActiveCfg = Debug|Any CPU
		{EA61F91B-A19E-4B83-8080-2A454792A2A3}.Debug|x86.Build.0 = Debug|Any CPU
		{EA61F91B-A19E-4B83-8080-2A454792A2A3}.Release|Any CPU.ActiveCfg = Release|Any CPU
		{EA61F91B-A19E-4B83-8080-2A454792A2A3}.Release|Any CPU.Build.0 = Release|Any CPU
		{EA61F91B-A19E-4B83-8080-2A454792A2A3}.Release|x64.ActiveCfg = Release|Any CPU
		{EA61F91B-A19E-4B83-8080-2A454792A2A3}.Release|x64.Build.0 = Release|Any CPU
		{EA61F91B-A19E-4B83-8080-2A454792A2A3}.Release|x86.ActiveCfg = Release|Any CPU
		{EA61F91B-A19E-4B83-8080-2A454792A2A3}.Release|x86.Build.0 = Release|Any CPU
		{7F702FF5-7216-414D-BAFD-FD27A52F9F7D}.Debug|Any CPU.ActiveCfg = Debug|Any CPU
		{7F702FF5-7216-414D-BAFD-FD27A52F9F7D}.Debug|Any CPU.Build.0 = Debug|Any CPU
		{7F702FF5-7216-414D-BAFD-FD27A52F9F7D}.Debug|x64.ActiveCfg = Debug|Any CPU
		{7F702FF5-7216-414D-BAFD-FD27A52F9F7D}.Debug|x64.Build.0 = Debug|Any CPU
		{7F702FF5-7216-414D-BAFD-FD27A52F9F7D}.Debug|x86.ActiveCfg = Debug|Any CPU
		{7F702FF5-7216-414D-BAFD-FD27A52F9F7D}.Debug|x86.Build.0 = Debug|Any CPU
		{7F702FF5-7216-414D-BAFD-FD27A52F9F7D}.Release|Any CPU.ActiveCfg = Release|Any CPU
		{7F702FF5-7216-414D-BAFD-FD27A52F9F7D}.Release|Any CPU.Build.0 = Release|Any CPU
		{7F702FF5-7216-414D-BAFD-FD27A52F9F7D}.Release|x64.ActiveCfg = Release|Any CPU
		{7F702FF5-7216-414D-BAFD-FD27A52F9F7D}.Release|x64.Build.0 = Release|Any CPU
		{7F702FF5-7216-414D-BAFD-FD27A52F9F7D}.Release|x86.ActiveCfg = Release|Any CPU
		{7F702FF5-7216-414D-BAFD-FD27A52F9F7D}.Release|x86.Build.0 = Release|Any CPU
		{6AB0C60F-E24F-433B-925F-CD306B706992}.Debug|Any CPU.ActiveCfg = Debug|Any CPU
		{6AB0C60F-E24F-433B-925F-CD306B706992}.Debug|Any CPU.Build.0 = Debug|Any CPU
		{6AB0C60F-E24F-433B-925F-CD306B706992}.Debug|x64.ActiveCfg = Debug|Any CPU
		{6AB0C60F-E24F-433B-925F-CD306B706992}.Debug|x64.Build.0 = Debug|Any CPU
		{6AB0C60F-E24F-433B-925F-CD306B706992}.Debug|x86.ActiveCfg = Debug|Any CPU
		{6AB0C60F-E24F-433B-925F-CD306B706992}.Debug|x86.Build.0 = Debug|Any CPU
		{6AB0C60F-E24F-433B-925F-CD306B706992}.Release|Any CPU.ActiveCfg = Release|Any CPU
		{6AB0C60F-E24F-433B-925F-CD306B706992}.Release|Any CPU.Build.0 = Release|Any CPU
		{6AB0C60F-E24F-433B-925F-CD306B706992}.Release|x64.ActiveCfg = Release|Any CPU
		{6AB0C60F-E24F-433B-925F-CD306B706992}.Release|x64.Build.0 = Release|Any CPU
		{6AB0C60F-E24F-433B-925F-CD306B706992}.Release|x86.ActiveCfg = Release|Any CPU
		{6AB0C60F-E24F-433B-925F-CD306B706992}.Release|x86.Build.0 = Release|Any CPU
		{CA41EE86-511F-4082-993C-748EBCBD08BE}.Debug|Any CPU.ActiveCfg = Debug|Any CPU
		{CA41EE86-511F-4082-993C-748EBCBD08BE}.Debug|Any CPU.Build.0 = Debug|Any CPU
		{CA41EE86-511F-4082-993C-748EBCBD08BE}.Debug|x64.ActiveCfg = Debug|Any CPU
		{CA41EE86-511F-4082-993C-748EBCBD08BE}.Debug|x64.Build.0 = Debug|Any CPU
		{CA41EE86-511F-4082-993C-748EBCBD08BE}.Debug|x86.ActiveCfg = Debug|Any CPU
		{CA41EE86-511F-4082-993C-748EBCBD08BE}.Debug|x86.Build.0 = Debug|Any CPU
		{CA41EE86-511F-4082-993C-748EBCBD08BE}.Release|Any CPU.ActiveCfg = Release|Any CPU
		{CA41EE86-511F-4082-993C-748EBCBD08BE}.Release|Any CPU.Build.0 = Release|Any CPU
		{CA41EE86-511F-4082-993C-748EBCBD08BE}.Release|x64.ActiveCfg = Release|Any CPU
		{CA41EE86-511F-4082-993C-748EBCBD08BE}.Release|x64.Build.0 = Release|Any CPU
		{CA41EE86-511F-4082-993C-748EBCBD08BE}.Release|x86.ActiveCfg = Release|Any CPU
		{CA41EE86-511F-4082-993C-748EBCBD08BE}.Release|x86.Build.0 = Release|Any CPU
		{1BE86B3C-75F4-44F2-AF8A-D4CD287C401C}.Debug|Any CPU.ActiveCfg = Debug|Any CPU
		{1BE86B3C-75F4-44F2-AF8A-D4CD287C401C}.Debug|Any CPU.Build.0 = Debug|Any CPU
		{1BE86B3C-75F4-44F2-AF8A-D4CD287C401C}.Debug|x64.ActiveCfg = Debug|Any CPU
		{1BE86B3C-75F4-44F2-AF8A-D4CD287C401C}.Debug|x64.Build.0 = Debug|Any CPU
		{1BE86B3C-75F4-44F2-AF8A-D4CD287C401C}.Debug|x86.ActiveCfg = Debug|Any CPU
		{1BE86B3C-75F4-44F2-AF8A-D4CD287C401C}.Debug|x86.Build.0 = Debug|Any CPU
		{1BE86B3C-75F4-44F2-AF8A-D4CD287C401C}.Release|Any CPU.ActiveCfg = Release|Any CPU
		{1BE86B3C-75F4-44F2-AF8A-D4CD287C401C}.Release|Any CPU.Build.0 = Release|Any CPU
		{1BE86B3C-75F4-44F2-AF8A-D4CD287C401C}.Release|x64.ActiveCfg = Release|Any CPU
		{1BE86B3C-75F4-44F2-AF8A-D4CD287C401C}.Release|x64.Build.0 = Release|Any CPU
		{1BE86B3C-75F4-44F2-AF8A-D4CD287C401C}.Release|x86.ActiveCfg = Release|Any CPU
		{1BE86B3C-75F4-44F2-AF8A-D4CD287C401C}.Release|x86.Build.0 = Release|Any CPU
		{B7DBEF4E-37B1-4EB4-B6BF-65AF2ACEB50C}.Debug|Any CPU.ActiveCfg = Debug|Any CPU
		{B7DBEF4E-37B1-4EB4-B6BF-65AF2ACEB50C}.Debug|Any CPU.Build.0 = Debug|Any CPU
		{B7DBEF4E-37B1-4EB4-B6BF-65AF2ACEB50C}.Debug|x64.ActiveCfg = Debug|Any CPU
		{B7DBEF4E-37B1-4EB4-B6BF-65AF2ACEB50C}.Debug|x64.Build.0 = Debug|Any CPU
		{B7DBEF4E-37B1-4EB4-B6BF-65AF2ACEB50C}.Debug|x86.ActiveCfg = Debug|Any CPU
		{B7DBEF4E-37B1-4EB4-B6BF-65AF2ACEB50C}.Debug|x86.Build.0 = Debug|Any CPU
		{B7DBEF4E-37B1-4EB4-B6BF-65AF2ACEB50C}.Release|Any CPU.ActiveCfg = Release|Any CPU
		{B7DBEF4E-37B1-4EB4-B6BF-65AF2ACEB50C}.Release|Any CPU.Build.0 = Release|Any CPU
		{B7DBEF4E-37B1-4EB4-B6BF-65AF2ACEB50C}.Release|x64.ActiveCfg = Release|Any CPU
		{B7DBEF4E-37B1-4EB4-B6BF-65AF2ACEB50C}.Release|x64.Build.0 = Release|Any CPU
		{B7DBEF4E-37B1-4EB4-B6BF-65AF2ACEB50C}.Release|x86.ActiveCfg = Release|Any CPU
		{B7DBEF4E-37B1-4EB4-B6BF-65AF2ACEB50C}.Release|x86.Build.0 = Release|Any CPU
		{36EA468C-FC62-4374-A248-D05603CF3D52}.Debug|Any CPU.ActiveCfg = Debug|Any CPU
		{36EA468C-FC62-4374-A248-D05603CF3D52}.Debug|Any CPU.Build.0 = Debug|Any CPU
		{36EA468C-FC62-4374-A248-D05603CF3D52}.Debug|x64.ActiveCfg = Debug|Any CPU
		{36EA468C-FC62-4374-A248-D05603CF3D52}.Debug|x64.Build.0 = Debug|Any CPU
		{36EA468C-FC62-4374-A248-D05603CF3D52}.Debug|x86.ActiveCfg = Debug|Any CPU
		{36EA468C-FC62-4374-A248-D05603CF3D52}.Debug|x86.Build.0 = Debug|Any CPU
		{36EA468C-FC62-4374-A248-D05603CF3D52}.Release|Any CPU.ActiveCfg = Release|Any CPU
		{36EA468C-FC62-4374-A248-D05603CF3D52}.Release|Any CPU.Build.0 = Release|Any CPU
		{36EA468C-FC62-4374-A248-D05603CF3D52}.Release|x64.ActiveCfg = Release|Any CPU
		{36EA468C-FC62-4374-A248-D05603CF3D52}.Release|x64.Build.0 = Release|Any CPU
		{36EA468C-FC62-4374-A248-D05603CF3D52}.Release|x86.ActiveCfg = Release|Any CPU
		{36EA468C-FC62-4374-A248-D05603CF3D52}.Release|x86.Build.0 = Release|Any CPU
	EndGlobalSection
	GlobalSection(SolutionProperties) = preSolution
		HideSolutionNode = FALSE
	EndGlobalSection
	GlobalSection(NestedProjects) = preSolution
		{EA61F91B-A19E-4B83-8080-2A454792A2A3} = {827E0CD3-B72D-47B6-A68D-7590B98EB39B}
		{7F702FF5-7216-414D-BAFD-FD27A52F9F7D} = {827E0CD3-B72D-47B6-A68D-7590B98EB39B}
		{6AB0C60F-E24F-433B-925F-CD306B706992} = {827E0CD3-B72D-47B6-A68D-7590B98EB39B}
		{CA41EE86-511F-4082-993C-748EBCBD08BE} = {827E0CD3-B72D-47B6-A68D-7590B98EB39B}
		{1BE86B3C-75F4-44F2-AF8A-D4CD287C401C} = {827E0CD3-B72D-47B6-A68D-7590B98EB39B}
		{B7DBEF4E-37B1-4EB4-B6BF-65AF2ACEB50C} = {827E0CD3-B72D-47B6-A68D-7590B98EB39B}
		{36EA468C-FC62-4374-A248-D05603CF3D52} = {827E0CD3-B72D-47B6-A68D-7590B98EB39B}
	EndGlobalSection
EndGlobal
